
Microsoft Visual Studio Solution File, Format Version 12.00
# Visual Studio Version 17
VisualStudioVersion = 17.11.34929.205
MinimumVisualStudioVersion = 10.0.40219.1
Project("{FAE04EC0-301F-11D3-BF4B-00C04F79EFBC}") = "RAID2D.Client", "Src\RAID2D.Client\RAID2D.Client.csproj", "{301EC185-D400-4EAE-A42B-98F16CC1806D}"
EndProject
Project("{2150E333-8FDC-42A3-9474-1A3956D46DE8}") = "Src", "Src", "{ED64D7C8-026F-4C27-9755-A798A1141FED}"
EndProject
Project("{2150E333-8FDC-42A3-9474-1A3956D46DE8}") = "Tests", "Tests", "{E6B35F68-65E7-4D41-9073-807F42DFB61A}"
EndProject
Project("{FAE04EC0-301F-11D3-BF4B-00C04F79EFBC}") = "RAID2D.Client.Tests", "Tests\RAID2D.Client.Tests\RAID2D.Client.Tests.csproj", "{E5CE6FD6-96BA-406D-9F32-6C4A692902A0}"
EndProject
Project("{FAE04EC0-301F-11D3-BF4B-00C04F79EFBC}") = "RAID2D.Server", "Src\RAID2D.Server\RAID2D.Server.csproj", "{058BAA07-C3E7-4D70-A3AF-F12FC1C9C54E}"
EndProject
Project("{FAE04EC0-301F-11D3-BF4B-00C04F79EFBC}") = "RAID2D.Server.Tests", "Tests\RAID2D.Server.Tests\RAID2D.Server.Tests.csproj", "{0A9CB776-5030-4900-A262-4F49E646464B}"
EndProject
Project("{FAE04EC0-301F-11D3-BF4B-00C04F79EFBC}") = "RAID2D.Shared", "Src\RAID2D.Shared\RAID2D.Shared.csproj", "{581F3B81-2F7F-4795-9DD7-5F0A292CCC72}"
EndProject
Global
	GlobalSection(SolutionConfigurationPlatforms) = preSolution
		Debug|Any CPU = Debug|Any CPU
		Release|Any CPU = Release|Any CPU
	EndGlobalSection
	GlobalSection(ProjectConfigurationPlatforms) = postSolution
		{301EC185-D400-4EAE-A42B-98F16CC1806D}.Debug|Any CPU.ActiveCfg = Debug|Any CPU
		{301EC185-D400-4EAE-A42B-98F16CC1806D}.Debug|Any CPU.Build.0 = Debug|Any CPU
		{301EC185-D400-4EAE-A42B-98F16CC1806D}.Release|Any CPU.ActiveCfg = Release|Any CPU
		{301EC185-D400-4EAE-A42B-98F16CC1806D}.Release|Any CPU.Build.0 = Release|Any CPU
		{E5CE6FD6-96BA-406D-9F32-6C4A692902A0}.Debug|Any CPU.ActiveCfg = Debug|Any CPU
		{E5CE6FD6-96BA-406D-9F32-6C4A692902A0}.Debug|Any CPU.Build.0 = Debug|Any CPU
		{E5CE6FD6-96BA-406D-9F32-6C4A692902A0}.Release|Any CPU.ActiveCfg = Release|Any CPU
		{E5CE6FD6-96BA-406D-9F32-6C4A692902A0}.Release|Any CPU.Build.0 = Release|Any CPU
		{058BAA07-C3E7-4D70-A3AF-F12FC1C9C54E}.Debug|Any CPU.ActiveCfg = Debug|Any CPU
		{058BAA07-C3E7-4D70-A3AF-F12FC1C9C54E}.Debug|Any CPU.Build.0 = Debug|Any CPU
		{058BAA07-C3E7-4D70-A3AF-F12FC1C9C54E}.Release|Any CPU.ActiveCfg = Release|Any CPU
		{058BAA07-C3E7-4D70-A3AF-F12FC1C9C54E}.Release|Any CPU.Build.0 = Release|Any CPU
		{0A9CB776-5030-4900-A262-4F49E646464B}.Debug|Any CPU.ActiveCfg = Debug|Any CPU
		{0A9CB776-5030-4900-A262-4F49E646464B}.Debug|Any CPU.Build.0 = Debug|Any CPU
		{0A9CB776-5030-4900-A262-4F49E646464B}.Release|Any CPU.ActiveCfg = Release|Any CPU
		{0A9CB776-5030-4900-A262-4F49E646464B}.Release|Any CPU.Build.0 = Release|Any CPU
		{581F3B81-2F7F-4795-9DD7-5F0A292CCC72}.Debug|Any CPU.ActiveCfg = Debug|Any CPU
		{581F3B81-2F7F-4795-9DD7-5F0A292CCC72}.Debug|Any CPU.Build.0 = Debug|Any CPU
		{581F3B81-2F7F-4795-9DD7-5F0A292CCC72}.Release|Any CPU.ActiveCfg = Release|Any CPU
		{581F3B81-2F7F-4795-9DD7-5F0A292CCC72}.Release|Any CPU.Build.0 = Release|Any CPU
	EndGlobalSection
	GlobalSection(SolutionProperties) = preSolution
		HideSolutionNode = FALSE
	EndGlobalSection
	GlobalSection(NestedProjects) = preSolution
		{301EC185-D400-4EAE-A42B-98F16CC1806D} = {ED64D7C8-026F-4C27-9755-A798A1141FED}
		{E5CE6FD6-96BA-406D-9F32-6C4A692902A0} = {E6B35F68-65E7-4D41-9073-807F42DFB61A}
		{058BAA07-C3E7-4D70-A3AF-F12FC1C9C54E} = {ED64D7C8-026F-4C27-9755-A798A1141FED}
		{0A9CB776-5030-4900-A262-4F49E646464B} = {E6B35F68-65E7-4D41-9073-807F42DFB61A}
		{581F3B81-2F7F-4795-9DD7-5F0A292CCC72} = {ED64D7C8-026F-4C27-9755-A798A1141FED}
	EndGlobalSection
	GlobalSection(ExtensibilityGlobals) = postSolution
		SolutionGuid = {3B40E3DE-7C55-457A-ACBC-383CC588562C}
	EndGlobalSection
EndGlobal
